{
  "nodes": {
    "brew-src": {
      "flake": false,
      "locked": {
        "lastModified": 1783446865,
        "narHash": "sha256-nCrPEbQjgnSAOVWTxRXD9Yi6P3oECdtZISYcQCFI9Fs=",
        "owner": "Homebrew",
        "repo": "brew",
        "rev": "655769712a9a9499563d9685a8488f349354492d",
        "type": "github"
      },
      "original": {
        "owner": "Homebrew",
        "ref": "6.0.9",
        "repo": "brew",
        "type": "github"
      }
    },
    "claude-plugins-official": {
      "flake": false,
      "locked": {
        "lastModified": 1784073920,
        "narHash": "sha256-luFKvwCxRGtzYYwGzJUzBx7LiKgkrdIhP9+wpXHcjvo=",
        "owner": "anthropics",
        "repo": "claude-plugins-official",
        "rev": "972e286f4dbc8e0f53f23d870a1e12192faffafc",
        "type": "github"
      },
      "original": {
        "owner": "anthropics",
        "repo": "claude-plugins-official",
        "type": "github"
      }
    },
    "figma-plugin": {
      "flake": false,
      "locked": {
        "lastModified": 1783964166,
        "narHash": "sha256-ZkdCdDPNLPPKXa9bTIOw58jyTSv5hjMzx0kvygO6kxE=",
        "owner": "figma",
        "repo": "mcp-server-guide",
        "rev": "07316dd2920d61303ca0e52812b31f5f341e7b15",
        "type": "github"
      },
      "original": {
        "owner": "figma",
        "repo": "mcp-server-guide",
        "type": "github"
      }
    },
    "helium-flake": {
      "inputs": {
        "nixpkgs": [
          "nixpkgs"
        ]
      },
      "locked": {
        "lastModified": 1783673789,
        "narHash": "sha256-Su+QQt2x62o3gH0MXoWS+cJxhBj3m0/46brREjLxZmU=",
        "owner": "amaanq",
        "repo": "helium-flake",
        "rev": "d1b56c15b8952804f2c31e55dd805157e5d453b8",
        "type": "github"
      },
      "original": {
        "owner": "amaanq",
        "repo": "helium-flake",
        "type": "github"
      }
    },
    "home-manager": {
      "inputs": {
        "nixpkgs": [
          "nixpkgs"
        ]
      },
      "locked": {
        "lastModified": 1784123766,
        "narHash": "sha256-PZcuvieLhy1OaX5LQr4kZgO59x/7rS47vWSqOXiBhts=",
        "owner": "nix-community",
        "repo": "home-manager",
        "rev": "6dc9e081ba2afc8c3b81ccddcb895f786155b292",
        "type": "github"
      },
      "original": {
        "owner": "nix-community",
        "repo": "home-manager",
        "type": "github"
      }
    },
    "nix-darwin": {
      "inputs": {
        "nixpkgs": [
          "nixpkgs"
        ]
      },
      "locked": {
        "lastModified": 1783395956,
        "narHash": "sha256-AAbexQvDoK+6GFJdhY6kqjA+6ECKRkidgWxkn4gMwAA=",
        "owner": "nix-darwin",
        "repo": "nix-darwin",
        "rev": "d5bd9cd77aea4c0a8f49e7fd85545671a208ed15",
        "type": "github"
      },
      "original": {
        "owner": "nix-darwin",
        "ref": "master",
        "repo": "nix-darwin",
        "type": "github"
      }
    },
    "nix-homebrew": {
      "inputs": {
        "brew-src": "brew-src"
      },
      "locked": {
        "lastModified": 1783875858,
        "narHash": "sha256-+yYNOkj/bkVQmwKH0hewqwBwAEoh4Gq2BmQPIP1jNrg=",
        "owner": "zhaofengli",
        "repo": "nix-homebrew",
        "rev": "60641da8324e6a1af716a0340d901ccb131c91ef",
        "type": "github"
      },
      "original": {
        "owner": "zhaofengli",
        "repo": "nix-homebrew",
        "type": "github"
      }
    },
    "nixpkgs": {
      "locked": {
        "lastModified": 1784115452,
        "narHash": "sha256-BoYPdqk6jlKXy+DyUzyGV/CtRGfAhk2MmIgBhsemTGI=",
        "owner": "NixOS",
        "repo": "nixpkgs",
        "rev": "35d3407a3816f3b341d8cf1d60abaf2b7b8166ac",
        "type": "github"
      },
      "original": {
        "owner": "NixOS",
        "ref": "nixpkgs-unstable",
        "repo": "nixpkgs",
        "type": "github"
      }
    },
    "root": {
      "inputs": {
        "claude-plugins-official": "claude-plugins-official",
        "figma-plugin": "figma-plugin",
        "helium-flake": "helium-flake",
        "home-manager": "home-manager",
        "nix-darwin": "nix-darwin",
        "nix-homebrew": "nix-homebrew",
        "nixpkgs": "nixpkgs"
      }
    }
  },
  "root": "root",
  "version": 7
}
